
Microsoft Visual Studio Solution File, Format Version 12.00
# Visual Studio Version 17
VisualStudioVersion = 17.4.33122.133
MinimumVisualStudioVersion = 10.0.40219.1
Project("{FAE04EC0-301F-11D3-BF4B-00C04F79EFBC}") = "JSONserializationTest", "JSONserializationTest.csproj", "{52C2DCD3-C453-4443-9646-36DD6105D9D1}"
EndProject
Global
	GlobalSection(SolutionConfigurationPlatforms) = preSolution
		Debug|Any CPU = Debug|Any CPU
		Release|Any CPU = Release|Any CPU
	EndGlobalSection
	GlobalSection(ProjectConfigurationPlatforms) = postSolution
		{52C2DCD3-C453-4443-9646-36DD6105D9D1}.Debug|Any CPU.ActiveCfg = Debug|Any CPU
		{52C2DCD3-C453-4443-9646-36DD6105D9D1}.Debug|Any CPU.Build.0 = Debug|Any CPU
		{52C2DCD3-C453-4443-9646-36DD6105D9D1}.Release|Any CPU.ActiveCfg = Release|Any CPU
		{52C2DCD3-C453-4443-9646-36DD6105D9D1}.Release|Any CPU.Build.0 = Release|Any CPU
	EndGlobalSection
	GlobalSection(SolutionProperties) = preSolution
		HideSolutionNode = FALSE
	EndGlobalSection
	GlobalSection(ExtensibilityGlobals) = postSolution
		SolutionGuid = {BFBC4C7C-3EC6-496F-83EA-454E8451A50B}
	EndGlobalSection
EndGlobal
