
Microsoft Visual Studio Solution File, Format Version 12.00
# Visual Studio Version 17
VisualStudioVersion = 17.4.33122.133
MinimumVisualStudioVersion = 10.0.40219.1
Project("{FAE04EC0-301F-11D3-BF4B-00C04F79EFBC}") = "BinaryTest", "BinaryTest.csproj", "{5AD311FE-ECD0-44F3-BFFF-AA12FBEC86AD}"
EndProject
Global
	GlobalSection(SolutionConfigurationPlatforms) = preSolution
		Debug|Any CPU = Debug|Any CPU
		Release|Any CPU = Release|Any CPU
	EndGlobalSection
	GlobalSection(ProjectConfigurationPlatforms) = postSolution
		{5AD311FE-ECD0-44F3-BFFF-AA12FBEC86AD}.Debug|Any CPU.ActiveCfg = Debug|Any CPU
		{5AD311FE-ECD0-44F3-BFFF-AA12FBEC86AD}.Debug|Any CPU.Build.0 = Debug|Any CPU
		{5AD311FE-ECD0-44F3-BFFF-AA12FBEC86AD}.Release|Any CPU.ActiveCfg = Release|Any CPU
		{5AD311FE-ECD0-44F3-BFFF-AA12FBEC86AD}.Release|Any CPU.Build.0 = Release|Any CPU
	EndGlobalSection
	GlobalSection(SolutionProperties) = preSolution
		HideSolutionNode = FALSE
	EndGlobalSection
	GlobalSection(ExtensibilityGlobals) = postSolution
		SolutionGuid = {0660A3C6-ABED-4DE6-BA56-BC3083277553}
	EndGlobalSection
EndGlobal
