
Microsoft Visual Studio Solution File, Format Version 12.00
# Visual Studio Version 17
VisualStudioVersion = 17.4.33122.133
MinimumVisualStudioVersion = 10.0.40219.1
Project("{FAE04EC0-301F-11D3-BF4B-00C04F79EFBC}") = "StructTest", "StructTest.csproj", "{8D854DEA-12DB-44BB-97F4-1119CD9FFEF7}"
EndProject
Global
	GlobalSection(SolutionConfigurationPlatforms) = preSolution
		Debug|Any CPU = Debug|Any CPU
		Release|Any CPU = Release|Any CPU
	EndGlobalSection
	GlobalSection(ProjectConfigurationPlatforms) = postSolution
		{8D854DEA-12DB-44BB-97F4-1119CD9FFEF7}.Debug|Any CPU.ActiveCfg = Debug|Any CPU
		{8D854DEA-12DB-44BB-97F4-1119CD9FFEF7}.Debug|Any CPU.Build.0 = Debug|Any CPU
		{8D854DEA-12DB-44BB-97F4-1119CD9FFEF7}.Release|Any CPU.ActiveCfg = Release|Any CPU
		{8D854DEA-12DB-44BB-97F4-1119CD9FFEF7}.Release|Any CPU.Build.0 = Release|Any CPU
	EndGlobalSection
	GlobalSection(SolutionProperties) = preSolution
		HideSolutionNode = FALSE
	EndGlobalSection
	GlobalSection(ExtensibilityGlobals) = postSolution
		SolutionGuid = {FFD67BF7-A68C-4243-B699-AF9D27C5F946}
	EndGlobalSection
EndGlobal
