
Microsoft Visual Studio Solution File, Format Version 12.00
# Visual Studio Version 17
VisualStudioVersion = 17.4.33122.133
MinimumVisualStudioVersion = 10.0.40219.1
Project("{FAE04EC0-301F-11D3-BF4B-00C04F79EFBC}") = "ClaimObjectTest", "ClaimObjectTest.csproj", "{3F41E9C1-E634-486E-9D2E-1E619A172108}"
EndProject
Global
	GlobalSection(SolutionConfigurationPlatforms) = preSolution
		Debug|Any CPU = Debug|Any CPU
		Release|Any CPU = Release|Any CPU
	EndGlobalSection
	GlobalSection(ProjectConfigurationPlatforms) = postSolution
		{3F41E9C1-E634-486E-9D2E-1E619A172108}.Debug|Any CPU.ActiveCfg = Debug|Any CPU
		{3F41E9C1-E634-486E-9D2E-1E619A172108}.Debug|Any CPU.Build.0 = Debug|Any CPU
		{3F41E9C1-E634-486E-9D2E-1E619A172108}.Release|Any CPU.ActiveCfg = Release|Any CPU
		{3F41E9C1-E634-486E-9D2E-1E619A172108}.Release|Any CPU.Build.0 = Release|Any CPU
	EndGlobalSection
	GlobalSection(SolutionProperties) = preSolution
		HideSolutionNode = FALSE
	EndGlobalSection
	GlobalSection(ExtensibilityGlobals) = postSolution
		SolutionGuid = {93C533F6-97D6-4EEC-9B00-8B6DC14D841D}
	EndGlobalSection
EndGlobal
