
Microsoft Visual Studio Solution File, Format Version 12.00
# Visual Studio Version 17
VisualStudioVersion = 17.4.33122.133
MinimumVisualStudioVersion = 10.0.40219.1
Project("{FAE04EC0-301F-11D3-BF4B-00C04F79EFBC}") = "UnicodeTest", "UnicodeTest.csproj", "{A6C1E125-DB69-4844-A845-0E58DD032C8A}"
EndProject
Global
	GlobalSection(SolutionConfigurationPlatforms) = preSolution
		Debug|Any CPU = Debug|Any CPU
		Release|Any CPU = Release|Any CPU
	EndGlobalSection
	GlobalSection(ProjectConfigurationPlatforms) = postSolution
		{A6C1E125-DB69-4844-A845-0E58DD032C8A}.Debug|Any CPU.ActiveCfg = Debug|Any CPU
		{A6C1E125-DB69-4844-A845-0E58DD032C8A}.Debug|Any CPU.Build.0 = Debug|Any CPU
		{A6C1E125-DB69-4844-A845-0E58DD032C8A}.Release|Any CPU.ActiveCfg = Release|Any CPU
		{A6C1E125-DB69-4844-A845-0E58DD032C8A}.Release|Any CPU.Build.0 = Release|Any CPU
	EndGlobalSection
	GlobalSection(SolutionProperties) = preSolution
		HideSolutionNode = FALSE
	EndGlobalSection
	GlobalSection(ExtensibilityGlobals) = postSolution
		SolutionGuid = {4BA95338-5D7F-4E5E-8D61-1640B8CA457F}
	EndGlobalSection
EndGlobal
