
Microsoft Visual Studio Solution File, Format Version 12.00
# Visual Studio Version 17
VisualStudioVersion = 17.4.33122.133
MinimumVisualStudioVersion = 10.0.40219.1
Project("{FAE04EC0-301F-11D3-BF4B-00C04F79EFBC}") = "Paintball", "Paintball.csproj", "{51712B92-E465-4615-AC91-DCC427F1F316}"
EndProject
Global
	GlobalSection(SolutionConfigurationPlatforms) = preSolution
		Debug|Any CPU = Debug|Any CPU
		Release|Any CPU = Release|Any CPU
	EndGlobalSection
	GlobalSection(ProjectConfigurationPlatforms) = postSolution
		{51712B92-E465-4615-AC91-DCC427F1F316}.Debug|Any CPU.ActiveCfg = Debug|Any CPU
		{51712B92-E465-4615-AC91-DCC427F1F316}.Debug|Any CPU.Build.0 = Debug|Any CPU
		{51712B92-E465-4615-AC91-DCC427F1F316}.Release|Any CPU.ActiveCfg = Release|Any CPU
		{51712B92-E465-4615-AC91-DCC427F1F316}.Release|Any CPU.Build.0 = Release|Any CPU
	EndGlobalSection
	GlobalSection(SolutionProperties) = preSolution
		HideSolutionNode = FALSE
	EndGlobalSection
	GlobalSection(ExtensibilityGlobals) = postSolution
		SolutionGuid = {ED1399D8-1308-4212-902C-0DF45E3FB5A6}
	EndGlobalSection
EndGlobal
