
Microsoft Visual Studio Solution File, Format Version 12.00
Project("{FAE04EC0-301F-11D3-BF4B-00C04F79EFBC}") = "CardLinq", "CardLinq\CardLinq.csproj", "{B43AFF6F-0E43-467F-A81D-F3CB897EED36}"
EndProject
Global
	GlobalSection(SolutionConfigurationPlatforms) = preSolution
		Debug|Any CPU = Debug|Any CPU
		Release|Any CPU = Release|Any CPU
	EndGlobalSection
	GlobalSection(ProjectConfigurationPlatforms) = postSolution
		{B43AFF6F-0E43-467F-A81D-F3CB897EED36}.Debug|Any CPU.ActiveCfg = Debug|Any CPU
		{B43AFF6F-0E43-467F-A81D-F3CB897EED36}.Debug|Any CPU.Build.0 = Debug|Any CPU
		{B43AFF6F-0E43-467F-A81D-F3CB897EED36}.Release|Any CPU.ActiveCfg = Release|Any CPU
		{B43AFF6F-0E43-467F-A81D-F3CB897EED36}.Release|Any CPU.Build.0 = Release|Any CPU
	EndGlobalSection
EndGlobal
