
Microsoft Visual Studio Solution File, Format Version 12.00
# Visual Studio Version 17
VisualStudioVersion = 17.2.32630.192
MinimumVisualStudioVersion = 10.0.40219.1
Project("{FAE04EC0-301F-11D3-BF4B-00C04F79EFBC}") = "MyFirstConsoleApp", "MyFirstConsoleApp.csproj", "{89D8DDD8-7EB6-4A16-8A2E-7AD1F7753457}"
EndProject
Global
	GlobalSection(SolutionConfigurationPlatforms) = preSolution
		Debug|Any CPU = Debug|Any CPU
		Release|Any CPU = Release|Any CPU
	EndGlobalSection
	GlobalSection(ProjectConfigurationPlatforms) = postSolution
		{89D8DDD8-7EB6-4A16-8A2E-7AD1F7753457}.Debug|Any CPU.ActiveCfg = Debug|Any CPU
		{89D8DDD8-7EB6-4A16-8A2E-7AD1F7753457}.Debug|Any CPU.Build.0 = Debug|Any CPU
		{89D8DDD8-7EB6-4A16-8A2E-7AD1F7753457}.Release|Any CPU.ActiveCfg = Release|Any CPU
		{89D8DDD8-7EB6-4A16-8A2E-7AD1F7753457}.Release|Any CPU.Build.0 = Release|Any CPU
	EndGlobalSection
	GlobalSection(SolutionProperties) = preSolution
		HideSolutionNode = FALSE
	EndGlobalSection
	GlobalSection(ExtensibilityGlobals) = postSolution
		SolutionGuid = {28F8E357-C14A-4BD1-B3FD-3CC91C63B33D}
	EndGlobalSection
EndGlobal
