
Microsoft Visual Studio Solution File, Format Version 12.00
# Visual Studio Version 17
VisualStudioVersion = 17.2.32630.192
MinimumVisualStudioVersion = 10.0.40219.1
Project("{FAE04EC0-301F-11D3-BF4B-00C04F79EFBC}") = "TestRandom", "TestRandom.csproj", "{FEB972D2-8D6C-49D3-8AA0-BF07A53DA446}"
EndProject
Global
	GlobalSection(SolutionConfigurationPlatforms) = preSolution
		Debug|Any CPU = Debug|Any CPU
		Release|Any CPU = Release|Any CPU
	EndGlobalSection
	GlobalSection(ProjectConfigurationPlatforms) = postSolution
		{FEB972D2-8D6C-49D3-8AA0-BF07A53DA446}.Debug|Any CPU.ActiveCfg = Debug|Any CPU
		{FEB972D2-8D6C-49D3-8AA0-BF07A53DA446}.Debug|Any CPU.Build.0 = Debug|Any CPU
		{FEB972D2-8D6C-49D3-8AA0-BF07A53DA446}.Release|Any CPU.ActiveCfg = Release|Any CPU
		{FEB972D2-8D6C-49D3-8AA0-BF07A53DA446}.Release|Any CPU.Build.0 = Release|Any CPU
	EndGlobalSection
	GlobalSection(SolutionProperties) = preSolution
		HideSolutionNode = FALSE
	EndGlobalSection
	GlobalSection(ExtensibilityGlobals) = postSolution
		SolutionGuid = {32C94C4A-FD9C-4623-8824-E3495B6FCC00}
	EndGlobalSection
EndGlobal
