
Microsoft Visual Studio Solution File, Format Version 12.00
# Visual Studio Version 17
VisualStudioVersion = 17.4.33122.133
MinimumVisualStudioVersion = 10.0.40219.1
Project("{FAE04EC0-301F-11D3-BF4B-00C04F79EFBC}") = "SequenceImpl", "SequenceImpl.csproj", "{8DC5E25D-E2B0-457A-A379-47A1B6101F23}"
EndProject
Project("{FAE04EC0-301F-11D3-BF4B-00C04F79EFBC}") = "YieldReturnTest", "..\YieldReturnTest\YieldReturnTest.csproj", "{3ABD032D-C942-4CBB-8A07-08E7AE58F596}"
EndProject
Global
	GlobalSection(SolutionConfigurationPlatforms) = preSolution
		Debug|Any CPU = Debug|Any CPU
		Release|Any CPU = Release|Any CPU
	EndGlobalSection
	GlobalSection(ProjectConfigurationPlatforms) = postSolution
		{8DC5E25D-E2B0-457A-A379-47A1B6101F23}.Debug|Any CPU.ActiveCfg = Debug|Any CPU
		{8DC5E25D-E2B0-457A-A379-47A1B6101F23}.Debug|Any CPU.Build.0 = Debug|Any CPU
		{8DC5E25D-E2B0-457A-A379-47A1B6101F23}.Release|Any CPU.ActiveCfg = Release|Any CPU
		{8DC5E25D-E2B0-457A-A379-47A1B6101F23}.Release|Any CPU.Build.0 = Release|Any CPU
		{3ABD032D-C942-4CBB-8A07-08E7AE58F596}.Debug|Any CPU.ActiveCfg = Debug|Any CPU
		{3ABD032D-C942-4CBB-8A07-08E7AE58F596}.Debug|Any CPU.Build.0 = Debug|Any CPU
		{3ABD032D-C942-4CBB-8A07-08E7AE58F596}.Release|Any CPU.ActiveCfg = Release|Any CPU
		{3ABD032D-C942-4CBB-8A07-08E7AE58F596}.Release|Any CPU.Build.0 = Release|Any CPU
	EndGlobalSection
	GlobalSection(SolutionProperties) = preSolution
		HideSolutionNode = FALSE
	EndGlobalSection
	GlobalSection(ExtensibilityGlobals) = postSolution
		SolutionGuid = {F6CF26E4-1B1D-4F5B-948C-7971D6C07E22}
	EndGlobalSection
EndGlobal
