
Microsoft Visual Studio Solution File, Format Version 12.00
# Visual Studio Version 17
VisualStudioVersion = 17.4.33122.133
MinimumVisualStudioVersion = 10.0.40219.1
Project("{9A19103F-16F7-4668-BE54-9A1E7A4F7556}") = "JimmyLinq", "JimmyLinq.csproj", "{DC496FC3-8949-4075-B830-93C8B807B000}"
EndProject
Project("{FAE04EC0-301F-11D3-BF4B-00C04F79EFBC}") = "JimmyLinqUnitTests", "unittests\JimmyLinqUnitTests\JimmyLinqUnitTests.csproj", "{C166CE27-2888-4D59-B1AC-D3115AC232A8}"
EndProject
Global
	GlobalSection(SolutionConfigurationPlatforms) = preSolution
		Debug|Any CPU = Debug|Any CPU
		Release|Any CPU = Release|Any CPU
	EndGlobalSection
	GlobalSection(ProjectConfigurationPlatforms) = postSolution
		{DC496FC3-8949-4075-B830-93C8B807B000}.Debug|Any CPU.ActiveCfg = Debug|Any CPU
		{DC496FC3-8949-4075-B830-93C8B807B000}.Debug|Any CPU.Build.0 = Debug|Any CPU
		{DC496FC3-8949-4075-B830-93C8B807B000}.Release|Any CPU.ActiveCfg = Release|Any CPU
		{DC496FC3-8949-4075-B830-93C8B807B000}.Release|Any CPU.Build.0 = Release|Any CPU
		{C166CE27-2888-4D59-B1AC-D3115AC232A8}.Debug|Any CPU.ActiveCfg = Debug|Any CPU
		{C166CE27-2888-4D59-B1AC-D3115AC232A8}.Debug|Any CPU.Build.0 = Debug|Any CPU
		{C166CE27-2888-4D59-B1AC-D3115AC232A8}.Release|Any CPU.ActiveCfg = Release|Any CPU
		{C166CE27-2888-4D59-B1AC-D3115AC232A8}.Release|Any CPU.Build.0 = Release|Any CPU
	EndGlobalSection
	GlobalSection(SolutionProperties) = preSolution
		HideSolutionNode = FALSE
	EndGlobalSection
	GlobalSection(ExtensibilityGlobals) = postSolution
		SolutionGuid = {807CA25C-C406-423F-8C90-096DD6CC2C24}
	EndGlobalSection
EndGlobal
