
Microsoft Visual Studio Solution File, Format Version 12.00
# Visual Studio Version 17
VisualStudioVersion = 17.2.32630.192
MinimumVisualStudioVersion = 10.0.40219.1
Project("{FAE04EC0-301F-11D3-BF4B-00C04F79EFBC}") = "ExperimentWithControls", "ExperimentWithControls.csproj", "{F996ECB3-CDB7-41CA-A39A-55FE9CE61B5B}"
EndProject
Global
	GlobalSection(SolutionConfigurationPlatforms) = preSolution
		Debug|Any CPU = Debug|Any CPU
		Release|Any CPU = Release|Any CPU
	EndGlobalSection
	GlobalSection(ProjectConfigurationPlatforms) = postSolution
		{F996ECB3-CDB7-41CA-A39A-55FE9CE61B5B}.Debug|Any CPU.ActiveCfg = Debug|Any CPU
		{F996ECB3-CDB7-41CA-A39A-55FE9CE61B5B}.Debug|Any CPU.Build.0 = Debug|Any CPU
		{F996ECB3-CDB7-41CA-A39A-55FE9CE61B5B}.Release|Any CPU.ActiveCfg = Release|Any CPU
		{F996ECB3-CDB7-41CA-A39A-55FE9CE61B5B}.Release|Any CPU.Build.0 = Release|Any CPU
	EndGlobalSection
	GlobalSection(SolutionProperties) = preSolution
		HideSolutionNode = FALSE
	EndGlobalSection
	GlobalSection(ExtensibilityGlobals) = postSolution
		SolutionGuid = {4E996E0F-97FE-4B4E-9E61-E486ED8B90EA}
	EndGlobalSection
EndGlobal
