
Microsoft Visual Studio Solution File, Format Version 12.00
# Visual Studio Version 17
VisualStudioVersion = 17.4.33122.133
MinimumVisualStudioVersion = 10.0.40219.1
Project("{2150E333-8FDC-42A3-9474-1A3956D46DE8}") = "FrontEnd", "FrontEnd", "{BC186CE8-D75C-4BB3-9149-50039F353F57}"
EndProject
Project("{FAE04EC0-301F-11D3-BF4B-00C04F79EFBC}") = "Mango.Web", "Mango.Web\Mango.Web.csproj", "{BF463874-FB6A-47F8-A92A-5E35848969C4}"
EndProject
Project("{2150E333-8FDC-42A3-9474-1A3956D46DE8}") = "Services", "Services", "{8DCEABCA-FD3D-4CC7-8E3D-B656254BA534}"
EndProject
Project("{FAE04EC0-301F-11D3-BF4B-00C04F79EFBC}") = "Mango.Services.ProductAPI", "Mango.Services.ProductAPI\Mango.Services.ProductAPI.csproj", "{E15F1BD4-7E61-4AA1-939E-4E0FF58891FA}"
EndProject
Global
	GlobalSection(SolutionConfigurationPlatforms) = preSolution
		Debug|Any CPU = Debug|Any CPU
		Release|Any CPU = Release|Any CPU
	EndGlobalSection
	GlobalSection(ProjectConfigurationPlatforms) = postSolution
		{BF463874-FB6A-47F8-A92A-5E35848969C4}.Debug|Any CPU.ActiveCfg = Debug|Any CPU
		{BF463874-FB6A-47F8-A92A-5E35848969C4}.Debug|Any CPU.Build.0 = Debug|Any CPU
		{BF463874-FB6A-47F8-A92A-5E35848969C4}.Release|Any CPU.ActiveCfg = Release|Any CPU
		{BF463874-FB6A-47F8-A92A-5E35848969C4}.Release|Any CPU.Build.0 = Release|Any CPU
		{E15F1BD4-7E61-4AA1-939E-4E0FF58891FA}.Debug|Any CPU.ActiveCfg = Debug|Any CPU
		{E15F1BD4-7E61-4AA1-939E-4E0FF58891FA}.Debug|Any CPU.Build.0 = Debug|Any CPU
		{E15F1BD4-7E61-4AA1-939E-4E0FF58891FA}.Release|Any CPU.ActiveCfg = Release|Any CPU
		{E15F1BD4-7E61-4AA1-939E-4E0FF58891FA}.Release|Any CPU.Build.0 = Release|Any CPU
	EndGlobalSection
	GlobalSection(SolutionProperties) = preSolution
		HideSolutionNode = FALSE
	EndGlobalSection
	GlobalSection(NestedProjects) = preSolution
		{BF463874-FB6A-47F8-A92A-5E35848969C4} = {BC186CE8-D75C-4BB3-9149-50039F353F57}
		{E15F1BD4-7E61-4AA1-939E-4E0FF58891FA} = {8DCEABCA-FD3D-4CC7-8E3D-B656254BA534}
	EndGlobalSection
	GlobalSection(ExtensibilityGlobals) = postSolution
		SolutionGuid = {B777FEA1-35D3-4111-AAC4-8EB117A1F08A}
	EndGlobalSection
EndGlobal
