
Microsoft Visual Studio Solution File, Format Version 12.00
# Visual Studio Version 17
VisualStudioVersion = 17.4.33122.133
MinimumVisualStudioVersion = 10.0.40219.1
Project("{2150E333-8FDC-42A3-9474-1A3956D46DE8}") = "FrontEnd", "FrontEnd", "{D7D5DE4D-B2D0-477F-8148-DD94B6091E46}"
EndProject
Project("{FAE04EC0-301F-11D3-BF4B-00C04F79EFBC}") = "Mango.Web", "Mango.Web\Mango.Web.csproj", "{0C9B28D5-FB6B-4C14-9427-C2EE491BC23D}"
EndProject
Project("{2150E333-8FDC-42A3-9474-1A3956D46DE8}") = "Services", "Services", "{32629EBA-80ED-4028-B184-576A38A0D5CC}"
EndProject
Project("{FAE04EC0-301F-11D3-BF4B-00C04F79EFBC}") = "Mango.Services.ProductAPI", "Mango.Services.ProductAPI\Mango.Services.ProductAPI.csproj", "{D30EC532-7051-4AB4-970B-C65824F0031B}"
EndProject
Global
	GlobalSection(SolutionConfigurationPlatforms) = preSolution
		Debug|Any CPU = Debug|Any CPU
		Release|Any CPU = Release|Any CPU
	EndGlobalSection
	GlobalSection(ProjectConfigurationPlatforms) = postSolution
		{0C9B28D5-FB6B-4C14-9427-C2EE491BC23D}.Debug|Any CPU.ActiveCfg = Debug|Any CPU
		{0C9B28D5-FB6B-4C14-9427-C2EE491BC23D}.Debug|Any CPU.Build.0 = Debug|Any CPU
		{0C9B28D5-FB6B-4C14-9427-C2EE491BC23D}.Release|Any CPU.ActiveCfg = Release|Any CPU
		{0C9B28D5-FB6B-4C14-9427-C2EE491BC23D}.Release|Any CPU.Build.0 = Release|Any CPU
		{D30EC532-7051-4AB4-970B-C65824F0031B}.Debug|Any CPU.ActiveCfg = Debug|Any CPU
		{D30EC532-7051-4AB4-970B-C65824F0031B}.Debug|Any CPU.Build.0 = Debug|Any CPU
		{D30EC532-7051-4AB4-970B-C65824F0031B}.Release|Any CPU.ActiveCfg = Release|Any CPU
		{D30EC532-7051-4AB4-970B-C65824F0031B}.Release|Any CPU.Build.0 = Release|Any CPU
	EndGlobalSection
	GlobalSection(SolutionProperties) = preSolution
		HideSolutionNode = FALSE
	EndGlobalSection
	GlobalSection(NestedProjects) = preSolution
		{0C9B28D5-FB6B-4C14-9427-C2EE491BC23D} = {D7D5DE4D-B2D0-477F-8148-DD94B6091E46}
		{D30EC532-7051-4AB4-970B-C65824F0031B} = {32629EBA-80ED-4028-B184-576A38A0D5CC}
	EndGlobalSection
	GlobalSection(ExtensibilityGlobals) = postSolution
		SolutionGuid = {B2018DC3-26C3-4899-B911-5122A73F5D8B}
	EndGlobalSection
EndGlobal
