
Microsoft Visual Studio Solution File, Format Version 12.00
# Visual Studio Version 17
VisualStudioVersion = 17.2.32630.192
MinimumVisualStudioVersion = 10.0.40219.1
Project("{FAE04EC0-301F-11D3-BF4B-00C04F79EFBC}") = "PickRandomCards", "PickRandomCards.csproj", "{8539D732-DD04-4A06-80B8-614ED3A7FD1F}"
EndProject
Global
	GlobalSection(SolutionConfigurationPlatforms) = preSolution
		Debug|Any CPU = Debug|Any CPU
		Release|Any CPU = Release|Any CPU
	EndGlobalSection
	GlobalSection(ProjectConfigurationPlatforms) = postSolution
		{8539D732-DD04-4A06-80B8-614ED3A7FD1F}.Debug|Any CPU.ActiveCfg = Debug|Any CPU
		{8539D732-DD04-4A06-80B8-614ED3A7FD1F}.Debug|Any CPU.Build.0 = Debug|Any CPU
		{8539D732-DD04-4A06-80B8-614ED3A7FD1F}.Release|Any CPU.ActiveCfg = Release|Any CPU
		{8539D732-DD04-4A06-80B8-614ED3A7FD1F}.Release|Any CPU.Build.0 = Release|Any CPU
	EndGlobalSection
	GlobalSection(SolutionProperties) = preSolution
		HideSolutionNode = FALSE
	EndGlobalSection
	GlobalSection(ExtensibilityGlobals) = postSolution
		SolutionGuid = {E01F200A-C310-41BC-9C4E-C017C84798FE}
	EndGlobalSection
EndGlobal
