
Microsoft Visual Studio Solution File, Format Version 12.00
# Visual Studio Version 17
VisualStudioVersion = 17.4.33122.133
MinimumVisualStudioVersion = 10.0.40219.1
Project("{FAE04EC0-301F-11D3-BF4B-00C04F79EFBC}") = "ReadFromJSONTest", "ReadFromJSONTest.csproj", "{56680761-AC91-4379-9F92-F9AE45F9751D}"
EndProject
Global
	GlobalSection(SolutionConfigurationPlatforms) = preSolution
		Debug|Any CPU = Debug|Any CPU
		Release|Any CPU = Release|Any CPU
	EndGlobalSection
	GlobalSection(ProjectConfigurationPlatforms) = postSolution
		{56680761-AC91-4379-9F92-F9AE45F9751D}.Debug|Any CPU.ActiveCfg = Debug|Any CPU
		{56680761-AC91-4379-9F92-F9AE45F9751D}.Debug|Any CPU.Build.0 = Debug|Any CPU
		{56680761-AC91-4379-9F92-F9AE45F9751D}.Release|Any CPU.ActiveCfg = Release|Any CPU
		{56680761-AC91-4379-9F92-F9AE45F9751D}.Release|Any CPU.Build.0 = Release|Any CPU
	EndGlobalSection
	GlobalSection(SolutionProperties) = preSolution
		HideSolutionNode = FALSE
	EndGlobalSection
	GlobalSection(ExtensibilityGlobals) = postSolution
		SolutionGuid = {446605A1-D445-46D2-B2CF-8067398DB15C}
	EndGlobalSection
EndGlobal
