
Microsoft Visual Studio Solution File, Format Version 12.00
# Visual Studio Version 17
VisualStudioVersion = 17.4.33122.133
MinimumVisualStudioVersion = 10.0.40219.1
Project("{FAE04EC0-301F-11D3-BF4B-00C04F79EFBC}") = "mymessenger-stepik", "mymessenger-stepik.csproj", "{B57B22A3-7176-496B-8A0E-FD2DF24F4858}"
EndProject
Global
	GlobalSection(SolutionConfigurationPlatforms) = preSolution
		Debug|Any CPU = Debug|Any CPU
		Release|Any CPU = Release|Any CPU
	EndGlobalSection
	GlobalSection(ProjectConfigurationPlatforms) = postSolution
		{B57B22A3-7176-496B-8A0E-FD2DF24F4858}.Debug|Any CPU.ActiveCfg = Debug|Any CPU
		{B57B22A3-7176-496B-8A0E-FD2DF24F4858}.Debug|Any CPU.Build.0 = Debug|Any CPU
		{B57B22A3-7176-496B-8A0E-FD2DF24F4858}.Release|Any CPU.ActiveCfg = Release|Any CPU
		{B57B22A3-7176-496B-8A0E-FD2DF24F4858}.Release|Any CPU.Build.0 = Release|Any CPU
	EndGlobalSection
	GlobalSection(SolutionProperties) = preSolution
		HideSolutionNode = FALSE
	EndGlobalSection
	GlobalSection(ExtensibilityGlobals) = postSolution
		SolutionGuid = {B09262D5-BBDB-4FF2-B8E6-E4C061F28AC0}
	EndGlobalSection
EndGlobal
